
Microsoft Visual Studio Solution File, Format Version 12.00
# Visual Studio Version 17
VisualStudioVersion = 17.7.34221.43
MinimumVisualStudioVersion = 10.0.40219.1
Project("{8BC9CEB8-8B4A-11D0-8D11-00A0C91BC942}") = "Sparse Array and Matrix Project", "Sparse Array and Matrix Project\Sparse Array and Matrix Project.vcxproj", "{B2DF7BAF-9906-42B0-B79E-E671C71C3BBB}"
EndProject
Global
	GlobalSection(SolutionConfigurationPlatforms) = preSolution
		Debug|x64 = Debug|x64
		Debug|x86 = Debug|x86
		Release|x64 = Release|x64
		Release|x86 = Release|x86
	EndGlobalSection
	GlobalSection(ProjectConfigurationPlatforms) = postSolution
		{B2DF7BAF-9906-42B0-B79E-E671C71C3BBB}.Debug|x64.ActiveCfg = Debug|x64
		{B2DF7BAF-9906-42B0-B79E-E671C71C3BBB}.Debug|x64.Build.0 = Debug|x64
		{B2DF7BAF-9906-42B0-B79E-E671C71C3BBB}.Debug|x86.ActiveCfg = Debug|Win32
		{B2DF7BAF-9906-42B0-B79E-E671C71C3BBB}.Debug|x86.Build.0 = Debug|Win32
		{B2DF7BAF-9906-42B0-B79E-E671C71C3BBB}.Release|x64.ActiveCfg = Release|x64
		{B2DF7BAF-9906-42B0-B79E-E671C71C3BBB}.Release|x64.Build.0 = Release|x64
		{B2DF7BAF-9906-42B0-B79E-E671C71C3BBB}.Release|x86.ActiveCfg = Release|Win32
		{B2DF7BAF-9906-42B0-B79E-E671C71C3BBB}.Release|x86.Build.0 = Release|Win32
	EndGlobalSection
	GlobalSection(SolutionProperties) = preSolution
		HideSolutionNode = FALSE
	EndGlobalSection
	GlobalSection(ExtensibilityGlobals) = postSolution
		SolutionGuid = {A3E4D48E-6FD3-4C12-8B53-905BE91FA24B}
	EndGlobalSection
EndGlobal
